// !$*UTF8*$!
{
	archiveVersion = 1;
	classes = {
	};
	objectVersion = 56;
	objects = {

/* Begin PBXBuildFile section */
		91A7E07B294F3B6E002A4D3B /* G.wav in Resources */ = {isa = PBXBuildFile; fileRef = 91A7E074294F3B6D002A4D3B /* G.wav */; };
		91A7E07C294F3B6E002A4D3B /* C.wav in Resources */ = {isa = PBXBuildFile; fileRef = 91A7E075294F3B6D002A4D3B /* C.wav */; };
		91A7E07D294F3B6E002A4D3B /* D.wav in Resources */ = {isa = PBXBuildFile; fileRef = 91A7E076294F3B6D002A4D3B /* D.wav */; };
		91A7E07E294F3B6E002A4D3B /* B.wav in Resources */ = {isa = PBXBuildFile; fileRef = 91A7E077294F3B6D002A4D3B /* B.wav */; };
		91A7E07F294F3B6E002A4D3B /* E.wav in Resources */ = {isa = PBXBuildFile; fileRef = 91A7E078294F3B6E002A4D3B /* E.wav */; };
		91A7E080294F3B6E002A4D3B /* F.wav in Resources */ = {isa = PBXBuildFile; fileRef = 91A7E079294F3B6E002A4D3B /* F.wav */; };
		91A7E081294F3B6E002A4D3B /* A.wav in Resources */ = {isa = PBXBuildFile; fileRef = 91A7E07A294F3B6E002A4D3B /* A.wav */; };
		91B95099294E214C00162A59 /* AppDelegate.swift in Sources */ = {isa = PBXBuildFile; fileRef = 91B95098294E214C00162A59 /* AppDelegate.swift */; };
		91B9509B294E214C00162A59 /* SceneDelegate.swift in Sources */ = {isa = PBXBuildFile; fileRef = 91B9509A294E214C00162A59 /* SceneDelegate.swift */; };
		91B9509D294E214C00162A59 /* ViewController.swift in Sources */ = {isa = PBXBuildFile; fileRef = 91B9509C294E214C00162A59 /* ViewController.swift */; };
		91B950A0294E214C00162A59 /* Main.storyboard in Resources */ = {isa = PBXBuildFile; fileRef = 91B9509E294E214C00162A59 /* Main.storyboard */; };
		91B950A2294E214E00162A59 /* Assets.xcassets in Resources */ = {isa = PBXBuildFile; fileRef = 91B950A1294E214E00162A59 /* Assets.xcassets */; };
		91B950A5294E214E00162A59 /* LaunchScreen.storyboard in Resources */ = {isa = PBXBuildFile; fileRef = 91B950A3294E214E00162A59 /* LaunchScreen.storyboard */; };
/* End PBXBuildFile section */

/* Begin PBXFileReference section */
		91A7E074294F3B6D002A4D3B /* G.wav */ = {isa = PBXFileReference; lastKnownFileType = audio.wav; path = G.wav; sourceTree = "<group>"; };
		91A7E075294F3B6D002A4D3B /* C.wav */ = {isa = PBXFileReference; lastKnownFileType = audio.wav; path = C.wav; sourceTree = "<group>"; };
		91A7E076294F3B6D002A4D3B /* D.wav */ = {isa = PBXFileReference; lastKnownFileType = audio.wav; path = D.wav; sourceTree = "<group>"; };
		91A7E077294F3B6D002A4D3B /* B.wav */ = {isa = PBXFileReference; lastKnownFileType = audio.wav; path = B.wav; sourceTree = "<group>"; };
		91A7E078294F3B6E002A4D3B /* E.wav */ = {isa = PBXFileReference; lastKnownFileType = audio.wav; path = E.wav; sourceTree = "<group>"; };
		91A7E079294F3B6E002A4D3B /* F.wav */ = {isa = PBXFileReference; lastKnownFileType = audio.wav; path = F.wav; sourceTree = "<group>"; };
		91A7E07A294F3B6E002A4D3B /* A.wav */ = {isa = PBXFileReference; lastKnownFileType = audio.wav; path = A.wav; sourceTree = "<group>"; };
		91B95095294E214C00162A59 /* Xylophone.app */ = {isa = PBXFileReference; explicitFileType = wrapper.application; includeInIndex = 0; path = Xylophone.app; sourceTree = BUILT_PRODUCTS_DIR; };
		91B95098294E214C00162A59 /* AppDelegate.swift */ = {isa = PBXFileReference; lastKnownFileType = sourcecode.swift; path = AppDelegate.swift; sourceTree = "<group>"; };
		91B9509A294E214C00162A59 /* SceneDelegate.swift */ = {isa = PBXFileReference; lastKnownFileType = sourcecode.swift; path = SceneDelegate.swift; sourceTree = "<group>"; };
		91B9509C294E214C00162A59 /* ViewController.swift */ = {isa = PBXFileReference; lastKnownFileType = sourcecode.swift; path = ViewController.swift; sourceTree = "<group>"; };
		91B9509F294E214C00162A59 /* Base */ = {isa = PBXFileReference; lastKnownFileType = file.storyboard; name = Base; path = Base.lproj/Main.storyboard; sourceTree = "<group>"; };
		91B950A1294E214E00162A59 /* Assets.xcassets */ = {isa = PBXFileReference; lastKnownFileType = folder.assetcatalog; path = Assets.xcassets; sourceTree = "<group>"; };
		91B950A4294E214E00162A59 /* Base */ = {isa = PBXFileReference; lastKnownFileType = file.storyboard; name = Base; path = Base.lproj/LaunchScreen.storyboard; sourceTree = "<group>"; };
		91B950A6294E214E00162A59 /* Info.plist */ = {isa = PBXFileReference; lastKnownFileType = text.plist.xml; path = Info.plist; sourceTree = "<group>"; };
/* End PBXFileReference section */

/* Begin PBXFrameworksBuildPhase section */
		91B95092294E214C00162A59 /* Frameworks */ = {
			isa = PBXFrameworksBuildPhase;
			buildActionMask = 2147483647;
			files = (
			);
			runOnlyForDeploymentPostprocessing = 0;
		};
/* End PBXFrameworksBuildPhase section */

/* Begin PBXGroup section */
		91A7E071294F3B1C002A4D3B /* Sounds */ = {
			isa = PBXGroup;
			children = (
				91A7E07A294F3B6E002A4D3B /* A.wav */,
				91A7E077294F3B6D002A4D3B /* B.wav */,
				91A7E075294F3B6D002A4D3B /* C.wav */,
				91A7E076294F3B6D002A4D3B /* D.wav */,
				91A7E078294F3B6E002A4D3B /* E.wav */,
				91A7E079294F3B6E002A4D3B /* F.wav */,
				91A7E074294F3B6D002A4D3B /* G.wav */,
			);
			path = Sounds;
			sourceTree = "<group>";
		};
		91B9508C294E214C00162A59 = {
			isa = PBXGroup;
			children = (
				91B95097294E214C00162A59 /* Xylophone */,
				91B95096294E214C00162A59 /* Products */,
			);
			sourceTree = "<group>";
		};
		91B95096294E214C00162A59 /* Products */ = {
			isa = PBXGroup;
			children = (
				91B95095294E214C00162A59 /* Xylophone.app */,
			);
			name = Products;
			sourceTree = "<group>";
		};
		91B95097294E214C00162A59 /* Xylophone */ = {
			isa = PBXGroup;
			children = (
				91B95098294E214C00162A59 /* AppDelegate.swift */,
				91B9509A294E214C00162A59 /* SceneDelegate.swift */,
				91B9509C294E214C00162A59 /* ViewController.swift */,
				91B9509E294E214C00162A59 /* Main.storyboard */,
				91B950A1294E214E00162A59 /* Assets.xcassets */,
				91B950A3294E214E00162A59 /* LaunchScreen.storyboard */,
				91B950A6294E214E00162A59 /* Info.plist */,
				91A7E071294F3B1C002A4D3B /* Sounds */,
			);
			path = Xylophone;
			sourceTree = "<group>";
		};
/* End PBXGroup section */

/* Begin PBXNativeTarget section */
		91B95094294E214C00162A59 /* Xylophone */ = {
			isa = PBXNativeTarget;
			buildConfigurationList = 91B950A9294E214E00162A59 /* Build configuration list for PBXNativeTarget "Xylophone" */;
			buildPhases = (
				91B95091294E214C00162A59 /* Sources */,
				91B95092294E214C00162A59 /* Frameworks */,
				91B95093294E214C00162A59 /* Resources */,
			);
			buildRules = (
			);
			dependencies = (
			);
			name = Xylophone;
			productName = Xylophone;
			productReference = 91B95095294E214C00162A59 /* Xylophone.app */;
			productType = "com.apple.product-type.application";
		};
/* End PBXNativeTarget section */

/* Begin PBXProject section */
		91B9508D294E214C00162A59 /* Project object */ = {
			isa = PBXProject;
			attributes = {
				BuildIndependentTargetsInParallel = 1;
				LastSwiftUpdateCheck = 1410;
				LastUpgradeCheck = 1410;
				TargetAttributes = {
					91B95094294E214C00162A59 = {
						CreatedOnToolsVersion = 14.1;
					};
				};
			};
			buildConfigurationList = 91B95090294E214C00162A59 /* Build configuration list for PBXProject "Xylophone" */;
			compatibilityVersion = "Xcode 14.0";
			developmentRegion = en;
			hasScannedForEncodings = 0;
			knownRegions = (
				en,
				Base,
			);
			mainGroup = 91B9508C294E214C00162A59;
			productRefGroup = 91B95096294E214C00162A59 /* Products */;
			projectDirPath = "";
			projectRoot = "";
			targets = (
				91B95094294E214C00162A59 /* Xylophone */,
			);
		};
/* End PBXProject section */

/* Begin PBXResourcesBuildPhase section */
		91B95093294E214C00162A59 /* Resources */ = {
			isa = PBXResourcesBuildPhase;
			buildActionMask = 2147483647;
			files = (
				91A7E081294F3B6E002A4D3B /* A.wav in Resources */,
				91A7E07C294F3B6E002A4D3B /* C.wav in Resources */,
				91B950A5294E214E00162A59 /* LaunchScreen.storyboard in Resources */,
				91A7E07D294F3B6E002A4D3B /* D.wav in Resources */,
				91A7E080294F3B6E002A4D3B /* F.wav in Resources */,
				91A7E07E294F3B6E002A4D3B /* B.wav in Resources */,
				91A7E07B294F3B6E002A4D3B /* G.wav in Resources */,
				91B950A2294E214E00162A59 /* Assets.xcassets in Resources */,
				91A7E07F294F3B6E002A4D3B /* E.wav in Resources */,
				91B950A0294E214C00162A59 /* Main.storyboard in Resources */,
			);
			runOnlyForDeploymentPostprocessing = 0;
		};
/* End PBXResourcesBuildPhase section */

/* Begin PBXSourcesBuildPhase section */
		91B95091294E214C00162A59 /* Sources */ = {
			isa = PBXSourcesBuildPhase;
			buildActionMask = 2147483647;
			files = (
				91B9509D294E214C00162A59 /* ViewController.swift in Sources */,
				91B95099294E214C00162A59 /* AppDelegate.swift in Sources */,
				91B9509B294E214C00162A59 /* SceneDelegate.swift in Sources */,
			);
			runOnlyForDeploymentPostprocessing = 0;
		};
/* End PBXSourcesBuildPhase section */

/* Begin PBXVariantGroup section */
		91B9509E294E214C00162A59 /* Main.storyboard */ = {
			isa = PBXVariantGroup;
			children = (
				91B9509F294E214C00162A59 /* Base */,
			);
			name = Main.storyboard;
			sourceTree = "<group>";
		};
		91B950A3294E214E00162A59 /* LaunchScreen.storyboard */ = {
			isa = PBXVariantGroup;
			children = (
				91B950A4294E214E00162A59 /* Base */,
			);
			name = LaunchScreen.storyboard;
			sourceTree = "<group>";
		};
/* End PBXVariantGroup section */

/* Begin XCBuildConfiguration section */
		91B950A7294E214E00162A59 /* Debug */ = {
			isa = XCBuildConfiguration;
			buildSettings = {
				ALWAYS_SEARCH_USER_PATHS = NO;
				CLANG_ANALYZER_NONNULL = YES;
				CLANG_ANALYZER_NUMBER_OBJECT_CONVERSION = YES_AGGRESSIVE;
				CLANG_CXX_LANGUAGE_STANDARD = "gnu++20";
				CLANG_ENABLE_MODULES = YES;
				CLANG_ENABLE_OBJC_ARC = YES;
				CLANG_ENABLE_OBJC_WEAK = YES;
				CLANG_WARN_BLOCK_CAPTURE_AUTORELEASING = YES;
				CLANG_WARN_BOOL_CONVERSION = YES;
				CLANG_WARN_COMMA = YES;
				CLANG_WARN_CONSTANT_CONVERSION = YES;
				CLANG_WARN_DEPRECATED_OBJC_IMPLEMENTATIONS = YES;
				CLANG_WARN_DIRECT_OBJC_ISA_USAGE = YES_ERROR;
				CLANG_WARN_DOCUMENTATION_COMMENTS = YES;
				CLANG_WARN_EMPTY_BODY = YES;
				CLANG_WARN_ENUM_CONVERSION = YES;
				CLANG_WARN_INFINITE_RECURSION = YES;
				CLANG_WARN_INT_CONVERSION = YES;
				CLANG_WARN_NON_LITERAL_NULL_CONVERSION = YES;
				CLANG_WARN_OBJC_IMPLICIT_RETAIN_SELF = YES;
				CLANG_WARN_OBJC_LITERAL_CONVERSION = YES;
				CLANG_WARN_OBJC_ROOT_CLASS = YES_ERROR;
				CLANG_WARN_QUOTED_INCLUDE_IN_FRAMEWORK_HEADER = YES;
				CLANG_WARN_RANGE_LOOP_ANALYSIS = YES;
				CLANG_WARN_STRICT_PROTOTYPES = YES;
				CLANG_WARN_SUSPICIOUS_MOVE = YES;
				CLANG_WARN_UNGUARDED_AVAILABILITY = YES_AGGRESSIVE;
				CLANG_WARN_UNREACHABLE_CODE = YES;
				CLANG_WARN__DUPLICATE_METHOD_MATCH = YES;
				COPY_PHASE_STRIP = NO;
				DEBUG_INFORMATION_FORMAT = dwarf;
				ENABLE_STRICT_OBJC_MSGSEND = YES;
				ENABLE_TESTABILITY = YES;
				GCC_C_LANGUAGE_STANDARD = gnu11;
				GCC_DYNAMIC_NO_PIC = NO;
				GCC_NO_COMMON_BLOCKS = YES;
				GCC_OPTIMIZATION_LEVEL = 0;
				GCC_PREPROCESSOR_DEFINITIONS = (
					"DEBUG=1",
					"$(inherited)",
				);
				GCC_WARN_64_TO_32_BIT_CONVERSION = YES;
				GCC_WARN_ABOUT_RETURN_TYPE = YES_ERROR;
				GCC_WARN_UNDECLARED_SELECTOR = YES;
				GCC_WARN_UNINITIALIZED_AUTOS = YES_AGGRESSIVE;
				GCC_WARN_UNUSED_FUNCTION = YES;
				GCC_WARN_UNUSED_VARIABLE = YES;
				IPHONEOS_DEPLOYMENT_TARGET = 16.1;
				MTL_ENABLE_DEBUG_INFO = INCLUDE_SOURCE;
				MTL_FAST_MATH = YES;
				ONLY_ACTIVE_ARCH = YES;
				SDKROOT = iphoneos;
				SWIFT_ACTIVE_COMPILATION_CONDITIONS = DEBUG;
				SWIFT_OPTIMIZATION_LEVEL = "-Onone";
			};
			name = Debug;
		};
		91B950A8294E214E00162A59 /* Release */ = {
			isa = XCBuildConfiguration;
			buildSettings = {
				ALWAYS_SEARCH_USER_PATHS = NO;
				CLANG_ANALYZER_NONNULL = YES;
				CLANG_ANALYZER_NUMBER_OBJECT_CONVERSION = YES_AGGRESSIVE;
				CLANG_CXX_LANGUAGE_STANDARD = "gnu++20";
				CLANG_ENABLE_MODULES = YES;
				CLANG_ENABLE_OBJC_ARC = YES;
				CLANG_ENABLE_OBJC_WEAK = YES;
				CLANG_WARN_BLOCK_CAPTURE_AUTORELEASING = YES;
				CLANG_WARN_BOOL_CONVERSION = YES;
				CLANG_WARN_COMMA = YES;
				CLANG_WARN_CONSTANT_CONVERSION = YES;
				CLANG_WARN_DEPRECATED_OBJC_IMPLEMENTATIONS = YES;
				CLANG_WARN_DIRECT_OBJC_ISA_USAGE = YES_ERROR;
				CLANG_WARN_DOCUMENTATION_COMMENTS = YES;
				CLANG_WARN_EMPTY_BODY = YES;
				CLANG_WARN_ENUM_CONVERSION = YES;
				CLANG_WARN_INFINITE_RECURSION = YES;
				CLANG_WARN_INT_CONVERSION = YES;
				CLANG_WARN_NON_LITERAL_NULL_CONVERSION = YES;
				CLANG_WARN_OBJC_IMPLICIT_RETAIN_SELF = YES;
				CLANG_WARN_OBJC_LITERAL_CONVERSION = YES;
				CLANG_WARN_OBJC_ROOT_CLASS = YES_ERROR;
				CLANG_WARN_QUOTED_INCLUDE_IN_FRAMEWORK_HEADER = YES;
				CLANG_WARN_RANGE_LOOP_ANALYSIS = YES;
				CLANG_WARN_STRICT_PROTOTYPES = YES;
				CLANG_WARN_SUSPICIOUS_MOVE = YES;
				CLANG_WARN_UNGUARDED_AVAILABILITY = YES_AGGRESSIVE;
				CLANG_WARN_UNREACHABLE_CODE = YES;
				CLANG_WARN__DUPLICATE_METHOD_MATCH = YES;
				COPY_PHASE_STRIP = NO;
				DEBUG_INFORMATION_FORMAT = "dwarf-with-dsym";
				ENABLE_NS_ASSERTIONS = NO;
				ENABLE_STRICT_OBJC_MSGSEND = YES;
				GCC_C_LANGUAGE_STANDARD = gnu11;
				GCC_NO_COMMON_BLOCKS = YES;
				GCC_WARN_64_TO_32_BIT_CONVERSION = YES;
				GCC_WARN_ABOUT_RETURN_TYPE = YES_ERROR;
				GCC_WARN_UNDECLARED_SELECTOR = YES;
				GCC_WARN_UNINITIALIZED_AUTOS = YES_AGGRESSIVE;
				GCC_WARN_UNUSED_FUNCTION = YES;
				GCC_WARN_UNUSED_VARIABLE = YES;
				IPHONEOS_DEPLOYMENT_TARGET = 16.1;
				MTL_ENABLE_DEBUG_INFO = NO;
				MTL_FAST_MATH = YES;
				SDKROOT = iphoneos;
				SWIFT_COMPILATION_MODE = wholemodule;
				SWIFT_OPTIMIZATION_LEVEL = "-O";
				VALIDATE_PRODUCT = YES;
			};
			name = Release;
		};
		91B950AA294E214E00162A59 /* Debug */ = {
			isa = XCBuildConfiguration;
			buildSettings = {
				ASSETCATALOG_COMPILER_APPICON_NAME = AppIcon;
				ASSETCATALOG_COMPILER_GLOBAL_ACCENT_COLOR_NAME = AccentColor;
				CODE_SIGN_STYLE = Automatic;
				CURRENT_PROJECT_VERSION = 1;
				GENERATE_INFOPLIST_FILE = YES;
				INFOPLIST_FILE = Xylophone/Info.plist;
				INFOPLIST_KEY_UIApplicationSupportsIndirectInputEvents = YES;
				INFOPLIST_KEY_UILaunchStoryboardName = LaunchScreen;
				INFOPLIST_KEY_UIMainStoryboardFile = Main;
				INFOPLIST_KEY_UISupportedInterfaceOrientations = UIInterfaceOrientationPortrait;
				IPHONEOS_DEPLOYMENT_TARGET = 13.0;
				LD_RUNPATH_SEARCH_PATHS = (
					"$(inherited)",
					"@executable_path/Frameworks",
				);
				MARKETING_VERSION = 1.0;
				PRODUCT_BUNDLE_IDENTIFIER = com.nikolai.astakhov.Xylophone;
				PRODUCT_NAME = "$(TARGET_NAME)";
				SWIFT_EMIT_LOC_STRINGS = YES;
				SWIFT_VERSION = 5.0;
				TARGETED_DEVICE_FAMILY = "1,2";
			};
			name = Debug;
		};
		91B950AB294E214E00162A59 /* Release */ = {
			isa = XCBuildConfiguration;
			buildSettings = {
				ASSETCATALOG_COMPILER_APPICON_NAME = AppIcon;
				ASSETCATALOG_COMPILER_GLOBAL_ACCENT_COLOR_NAME = AccentColor;
				CODE_SIGN_STYLE = Automatic;
				CURRENT_PROJECT_VERSION = 1;
				GENERATE_INFOPLIST_FILE = YES;
				INFOPLIST_FILE = Xylophone/Info.plist;
				INFOPLIST_KEY_UIApplicationSupportsIndirectInputEvents = YES;
				INFOPLIST_KEY_UILaunchStoryboardName = LaunchScreen;
				INFOPLIST_KEY_UIMainStoryboardFile = Main;
				INFOPLIST_KEY_UISupportedInterfaceOrientations = UIInterfaceOrientationPortrait;
				IPHONEOS_DEPLOYMENT_TARGET = 13.0;
				LD_RUNPATH_SEARCH_PATHS = (
					"$(inherited)",
					"@executable_path/Frameworks",
				);
				MARKETING_VERSION = 1.0;
				PRODUCT_BUNDLE_IDENTIFIER = com.nikolai.astakhov.Xylophone;
				PRODUCT_NAME = "$(TARGET_NAME)";
				SWIFT_EMIT_LOC_STRINGS = YES;
				SWIFT_VERSION = 5.0;
				TARGETED_DEVICE_FAMILY = "1,2";
			};
			name = Release;
		};
/* End XCBuildConfiguration section */

/* Begin XCConfigurationList section */
		91B95090294E214C00162A59 /* Build configuration list for PBXProject "Xylophone" */ = {
			isa = XCConfigurationList;
			buildConfigurations = (
				91B950A7294E214E00162A59 /* Debug */,
				91B950A8294E214E00162A59 /* Release */,
			);
			defaultConfigurationIsVisible = 0;
			defaultConfigurationName = Release;
		};
		91B950A9294E214E00162A59 /* Build configuration list for PBXNativeTarget "Xylophone" */ = {
			isa = XCConfigurationList;
			buildConfigurations = (
				91B950AA294E214E00162A59 /* Debug */,
				91B950AB294E214E00162A59 /* Release */,
			);
			defaultConfigurationIsVisible = 0;
			defaultConfigurationName = Release;
		};
/* End XCConfigurationList section */
	};
	rootObject = 91B9508D294E214C00162A59 /* Project object */;
}
